
Microsoft Visual Studio Solution File, Format Version 11.00
# Visual Studio 2010
Project("{E24C65DC-7377-472B-9ABA-BC803B73C61A}") = "GOOD_TIME", "..\..\..\..\Downloads\GOOD_TIME-20180925T133757Z-001\GOOD_TIME\", "{D83AE80C-7789-4202-84A4-35225BCB7AFE}"
	ProjectSection(WebsiteProperties) = preProject
		TargetFrameworkMoniker = ".NETFramework,Version%3Dv4.0"
		Debug.AspNetCompiler.VirtualPath = "/GOOD_TIME"
		Debug.AspNetCompiler.PhysicalPath = "..\..\..\..\Downloads\GOOD_TIME-20180925T133757Z-001\GOOD_TIME\"
		Debug.AspNetCompiler.TargetPath = "PrecompiledWeb\GOOD_TIME\"
		Debug.AspNetCompiler.Updateable = "true"
		Debug.AspNetCompiler.ForceOverwrite = "true"
		Debug.AspNetCompiler.FixedNames = "false"
		Debug.AspNetCompiler.Debug = "True"
		Release.AspNetCompiler.VirtualPath = "/GOOD_TIME"
		Release.AspNetCompiler.PhysicalPath = "..\..\..\..\Downloads\GOOD_TIME-20180925T133757Z-001\GOOD_TIME\"
		Release.AspNetCompiler.TargetPath = "PrecompiledWeb\GOOD_TIME\"
		Release.AspNetCompiler.Updateable = "true"
		Release.AspNetCompiler.ForceOverwrite = "true"
		Release.AspNetCompiler.FixedNames = "false"
		Release.AspNetCompiler.Debug = "False"
		VWDPort = "6162"
	EndProjectSection
EndProject
Global
	GlobalSection(SolutionConfigurationPlatforms) = preSolution
		Debug|Any CPU = Debug|Any CPU
	EndGlobalSection
	GlobalSection(ProjectConfigurationPlatforms) = postSolution
		{D83AE80C-7789-4202-84A4-35225BCB7AFE}.Debug|Any CPU.ActiveCfg = Debug|Any CPU
		{D83AE80C-7789-4202-84A4-35225BCB7AFE}.Debug|Any CPU.Build.0 = Debug|Any CPU
	EndGlobalSection
	GlobalSection(SolutionProperties) = preSolution
		HideSolutionNode = FALSE
	EndGlobalSection
EndGlobal
